// !$*UTF8*$!
{
	archiveVersion = 1;
	classes = {
	};
	objectVersion = 46;
	objects = {

/* Begin PBXBuildFile section */
		6443FC1CD6951A0048ED05A8 /* Pods_WundermarktcooTests.framework in Frameworks */ = {isa = PBXBuildFile; fileRef = 1798B7FA8F4FEA91DAEF796F /* Pods_WundermarktcooTests.framework */; };
		B13D89CB1E76D078009B719C /* Offer.swift in Sources */ = {isa = PBXBuildFile; fileRef = B13D89CA1E76D078009B719C /* Offer.swift */; };
		B13D89CF1E76D75A009B719C /* Offer.swift in Sources */ = {isa = PBXBuildFile; fileRef = B13D89CA1E76D078009B719C /* Offer.swift */; };
		B13D89D21E76E736009B719C /* Constants.swift in Sources */ = {isa = PBXBuildFile; fileRef = B13D89D11E76E736009B719C /* Constants.swift */; };
		B13D89D31E76E82F009B719C /* Constants.swift in Sources */ = {isa = PBXBuildFile; fileRef = B13D89D11E76E736009B719C /* Constants.swift */; };
		B13D89D51E76EC7C009B719C /* MainViewController.swift in Sources */ = {isa = PBXBuildFile; fileRef = B13D89D41E76EC7C009B719C /* MainViewController.swift */; };
		B13D89DE1E76EE58009B719C /* DayOffersViewController.swift in Sources */ = {isa = PBXBuildFile; fileRef = B13D89DD1E76EE58009B719C /* DayOffersViewController.swift */; };
		B13D89E01E76EE70009B719C /* DayOffersViewCell.swift in Sources */ = {isa = PBXBuildFile; fileRef = B13D89DF1E76EE70009B719C /* DayOffersViewCell.swift */; };
		B13D89E31E76EFC0009B719C /* OfferDisplaying.swift in Sources */ = {isa = PBXBuildFile; fileRef = B13D89E21E76EFC0009B719C /* OfferDisplaying.swift */; };
		B13D89E61E76F1D8009B719C /* ErrorManager.swift in Sources */ = {isa = PBXBuildFile; fileRef = B13D89E51E76F1D8009B719C /* ErrorManager.swift */; };
		B13D89EC1E76F499009B719C /* Array+Vacation.swift in Sources */ = {isa = PBXBuildFile; fileRef = B13D89EB1E76F499009B719C /* Array+Vacation.swift */; };
		B1ED4AB91E76CC5A00039C6C /* AppDelegate.swift in Sources */ = {isa = PBXBuildFile; fileRef = B1ED4AB81E76CC5A00039C6C /* AppDelegate.swift */; };
		B1ED4ABB1E76CC5A00039C6C /* ViewController.swift in Sources */ = {isa = PBXBuildFile; fileRef = B1ED4ABA1E76CC5A00039C6C /* ViewController.swift */; };
		B1ED4ABE1E76CC5A00039C6C /* Main.storyboard in Resources */ = {isa = PBXBuildFile; fileRef = B1ED4ABC1E76CC5A00039C6C /* Main.storyboard */; };
		B1ED4AC01E76CC5A00039C6C /* Assets.xcassets in Resources */ = {isa = PBXBuildFile; fileRef = B1ED4ABF1E76CC5A00039C6C /* Assets.xcassets */; };
		B1ED4AC31E76CC5A00039C6C /* LaunchScreen.storyboard in Resources */ = {isa = PBXBuildFile; fileRef = B1ED4AC11E76CC5A00039C6C /* LaunchScreen.storyboard */; };
		B1ED4ACE1E76CC5A00039C6C /* WundermarktcooTests.swift in Sources */ = {isa = PBXBuildFile; fileRef = B1ED4ACD1E76CC5A00039C6C /* WundermarktcooTests.swift */; };
		B1FB26D81E770C59007D9ED5 /* InterestingOffersViewController.swift in Sources */ = {isa = PBXBuildFile; fileRef = B1FB26D71E770C59007D9ED5 /* InterestingOffersViewController.swift */; };
		B1FB26DB1E770D19007D9ED5 /* InterestingOffersViewCell.swift in Sources */ = {isa = PBXBuildFile; fileRef = B1FB26DA1E770D19007D9ED5 /* InterestingOffersViewCell.swift */; };
		B1FB26DE1E77107B007D9ED5 /* MoreOffersViewController.swift in Sources */ = {isa = PBXBuildFile; fileRef = B1FB26DD1E77107B007D9ED5 /* MoreOffersViewController.swift */; };
		B1FB26E01E7710B3007D9ED5 /* MoreOffersViewCell.swift in Sources */ = {isa = PBXBuildFile; fileRef = B1FB26DF1E7710B3007D9ED5 /* MoreOffersViewCell.swift */; };
		D1421DBBFF36374BDFDA6CA9 /* Pods_Wundermarktcoo.framework in Frameworks */ = {isa = PBXBuildFile; fileRef = 76A7961E5D9F18D0C0883145 /* Pods_Wundermarktcoo.framework */; };
/* End PBXBuildFile section */

/* Begin PBXContainerItemProxy section */
		B1ED4ACA1E76CC5A00039C6C /* PBXContainerItemProxy */ = {
			isa = PBXContainerItemProxy;
			containerPortal = B1ED4AAD1E76CC5900039C6C /* Project object */;
			proxyType = 1;
			remoteGlobalIDString = B1ED4AB41E76CC5900039C6C;
			remoteInfo = Wundermarktcoo;
		};
/* End PBXContainerItemProxy section */

/* Begin PBXFileReference section */
		1798B7FA8F4FEA91DAEF796F /* Pods_WundermarktcooTests.framework */ = {isa = PBXFileReference; explicitFileType = wrapper.framework; includeInIndex = 0; path = Pods_WundermarktcooTests.framework; sourceTree = BUILT_PRODUCTS_DIR; };
		547CE18CCA36BFFA40DDE3BA /* Pods-Wundermarktcoo.debug.xcconfig */ = {isa = PBXFileReference; includeInIndex = 1; lastKnownFileType = text.xcconfig; name = "Pods-Wundermarktcoo.debug.xcconfig"; path = "Pods/Target Support Files/Pods-Wundermarktcoo/Pods-Wundermarktcoo.debug.xcconfig"; sourceTree = "<group>"; };
		5CD5B924DDD5A5F04142F347 /* Pods-WundermarktcooTests.release.xcconfig */ = {isa = PBXFileReference; includeInIndex = 1; lastKnownFileType = text.xcconfig; name = "Pods-WundermarktcooTests.release.xcconfig"; path = "Pods/Target Support Files/Pods-WundermarktcooTests/Pods-WundermarktcooTests.release.xcconfig"; sourceTree = "<group>"; };
		7444CE9216AAF035A048FE43 /* Pods-Wundermarktcoo.release.xcconfig */ = {isa = PBXFileReference; includeInIndex = 1; lastKnownFileType = text.xcconfig; name = "Pods-Wundermarktcoo.release.xcconfig"; path = "Pods/Target Support Files/Pods-Wundermarktcoo/Pods-Wundermarktcoo.release.xcconfig"; sourceTree = "<group>"; };
		76A7961E5D9F18D0C0883145 /* Pods_Wundermarktcoo.framework */ = {isa = PBXFileReference; explicitFileType = wrapper.framework; includeInIndex = 0; path = Pods_Wundermarktcoo.framework; sourceTree = BUILT_PRODUCTS_DIR; };
		9FDE19D1EEAC2E72D652F88C /* Pods-WundermarktcooTests.debug.xcconfig */ = {isa = PBXFileReference; includeInIndex = 1; lastKnownFileType = text.xcconfig; name = "Pods-WundermarktcooTests.debug.xcconfig"; path = "Pods/Target Support Files/Pods-WundermarktcooTests/Pods-WundermarktcooTests.debug.xcconfig"; sourceTree = "<group>"; };
		B13D89CA1E76D078009B719C /* Offer.swift */ = {isa = PBXFileReference; fileEncoding = 4; lastKnownFileType = sourcecode.swift; name = Offer.swift; path = Classes/Models/Offer.swift; sourceTree = "<group>"; };
		B13D89D11E76E736009B719C /* Constants.swift */ = {isa = PBXFileReference; fileEncoding = 4; lastKnownFileType = sourcecode.swift; path = Constants.swift; sourceTree = "<group>"; };
		B13D89D41E76EC7C009B719C /* MainViewController.swift */ = {isa = PBXFileReference; fileEncoding = 4; lastKnownFileType = sourcecode.swift; name = MainViewController.swift; path = Classes/Controllers/MainViewController.swift; sourceTree = "<group>"; };
		B13D89DD1E76EE58009B719C /* DayOffersViewController.swift */ = {isa = PBXFileReference; fileEncoding = 4; lastKnownFileType = sourcecode.swift; name = DayOffersViewController.swift; path = Classes/Controllers/DayOffersViewController.swift; sourceTree = "<group>"; };
		B13D89DF1E76EE70009B719C /* DayOffersViewCell.swift */ = {isa = PBXFileReference; fileEncoding = 4; lastKnownFileType = sourcecode.swift; name = DayOffersViewCell.swift; path = Classes/Views/DayOffersViewCell.swift; sourceTree = "<group>"; };
		B13D89E21E76EFC0009B719C /* OfferDisplaying.swift */ = {isa = PBXFileReference; fileEncoding = 4; lastKnownFileType = sourcecode.swift; name = OfferDisplaying.swift; path = Classes/Protocols/OfferDisplaying.swift; sourceTree = "<group>"; };
		B13D89E51E76F1D8009B719C /* ErrorManager.swift */ = {isa = PBXFileReference; fileEncoding = 4; lastKnownFileType = sourcecode.swift; name = ErrorManager.swift; path = Classes/Managers/ErrorManager.swift; sourceTree = "<group>"; };
		B13D89EB1E76F499009B719C /* Array+Vacation.swift */ = {isa = PBXFileReference; fileEncoding = 4; lastKnownFileType = sourcecode.swift; name = "Array+Vacation.swift"; path = "Classes/Extensions/Array+Vacation.swift"; sourceTree = "<group>"; };
		B1ED4AB51E76CC5900039C6C /* Wundermarktcoo.app */ = {isa = PBXFileReference; explicitFileType = wrapper.application; includeInIndex = 0; path = Wundermarktcoo.app; sourceTree = BUILT_PRODUCTS_DIR; };
		B1ED4AB81E76CC5A00039C6C /* AppDelegate.swift */ = {isa = PBXFileReference; lastKnownFileType = sourcecode.swift; path = AppDelegate.swift; sourceTree = "<group>"; };
		B1ED4ABA1E76CC5A00039C6C /* ViewController.swift */ = {isa = PBXFileReference; lastKnownFileType = sourcecode.swift; path = ViewController.swift; sourceTree = "<group>"; };
		B1ED4ABD1E76CC5A00039C6C /* Base */ = {isa = PBXFileReference; lastKnownFileType = file.storyboard; name = Base; path = Base.lproj/Main.storyboard; sourceTree = "<group>"; };
		B1ED4ABF1E76CC5A00039C6C /* Assets.xcassets */ = {isa = PBXFileReference; lastKnownFileType = folder.assetcatalog; path = Assets.xcassets; sourceTree = "<group>"; };
		B1ED4AC21E76CC5A00039C6C /* Base */ = {isa = PBXFileReference; lastKnownFileType = file.storyboard; name = Base; path = Base.lproj/LaunchScreen.storyboard; sourceTree = "<group>"; };
		B1ED4AC41E76CC5A00039C6C /* Info.plist */ = {isa = PBXFileReference; lastKnownFileType = text.plist.xml; path = Info.plist; sourceTree = "<group>"; };
		B1ED4AC91E76CC5A00039C6C /* WundermarktcooTests.xctest */ = {isa = PBXFileReference; explicitFileType = wrapper.cfbundle; includeInIndex = 0; path = WundermarktcooTests.xctest; sourceTree = BUILT_PRODUCTS_DIR; };
		B1ED4ACD1E76CC5A00039C6C /* WundermarktcooTests.swift */ = {isa = PBXFileReference; lastKnownFileType = sourcecode.swift; path = WundermarktcooTests.swift; sourceTree = "<group>"; };
		B1ED4ACF1E76CC5A00039C6C /* Info.plist */ = {isa = PBXFileReference; lastKnownFileType = text.plist.xml; path = Info.plist; sourceTree = "<group>"; };
		B1FB26D71E770C59007D9ED5 /* InterestingOffersViewController.swift */ = {isa = PBXFileReference; fileEncoding = 4; lastKnownFileType = sourcecode.swift; path = InterestingOffersViewController.swift; sourceTree = "<group>"; };
		B1FB26DA1E770D19007D9ED5 /* InterestingOffersViewCell.swift */ = {isa = PBXFileReference; fileEncoding = 4; lastKnownFileType = sourcecode.swift; name = InterestingOffersViewCell.swift; path = Classes/Views/InterestingOffersViewCell.swift; sourceTree = "<group>"; };
		B1FB26DD1E77107B007D9ED5 /* MoreOffersViewController.swift */ = {isa = PBXFileReference; fileEncoding = 4; lastKnownFileType = sourcecode.swift; name = MoreOffersViewController.swift; path = Classes/Controllers/MoreOffersViewController.swift; sourceTree = "<group>"; };
		B1FB26DF1E7710B3007D9ED5 /* MoreOffersViewCell.swift */ = {isa = PBXFileReference; fileEncoding = 4; lastKnownFileType = sourcecode.swift; name = MoreOffersViewCell.swift; path = Classes/Views/MoreOffersViewCell.swift; sourceTree = "<group>"; };
/* End PBXFileReference section */

/* Begin PBXFrameworksBuildPhase section */
		B1ED4AB21E76CC5900039C6C /* Frameworks */ = {
			isa = PBXFrameworksBuildPhase;
			buildActionMask = 2147483647;
			files = (
				D1421DBBFF36374BDFDA6CA9 /* Pods_Wundermarktcoo.framework in Frameworks */,
			);
			runOnlyForDeploymentPostprocessing = 0;
		};
		B1ED4AC61E76CC5A00039C6C /* Frameworks */ = {
			isa = PBXFrameworksBuildPhase;
			buildActionMask = 2147483647;
			files = (
				6443FC1CD6951A0048ED05A8 /* Pods_WundermarktcooTests.framework in Frameworks */,
			);
			runOnlyForDeploymentPostprocessing = 0;
		};
/* End PBXFrameworksBuildPhase section */

/* Begin PBXGroup section */
		76E8EE73B390BE723C6644FD /* Pods */ = {
			isa = PBXGroup;
			children = (
				547CE18CCA36BFFA40DDE3BA /* Pods-Wundermarktcoo.debug.xcconfig */,
				7444CE9216AAF035A048FE43 /* Pods-Wundermarktcoo.release.xcconfig */,
				9FDE19D1EEAC2E72D652F88C /* Pods-WundermarktcooTests.debug.xcconfig */,
				5CD5B924DDD5A5F04142F347 /* Pods-WundermarktcooTests.release.xcconfig */,
			);
			name = Pods;
			sourceTree = "<group>";
		};
		B13D89C81E76D033009B719C /* Classes */ = {
			isa = PBXGroup;
			children = (
				B13D89E41E76F1C0009B719C /* Managers */,
				B13D89E11E76EECD009B719C /* Protocols */,
				B13D89D81E76EDE5009B719C /* Views */,
				B13D89D01E76E714009B719C /* Controllers */,
				B13D89CC1E76D221009B719C /* Extensions */,
				B13D89C91E76D040009B719C /* Models */,
				B13D89D11E76E736009B719C /* Constants.swift */,
			);
			name = Classes;
			sourceTree = "<group>";
		};
		B13D89C91E76D040009B719C /* Models */ = {
			isa = PBXGroup;
			children = (
				B13D89CA1E76D078009B719C /* Offer.swift */,
			);
			name = Models;
			sourceTree = "<group>";
		};
		B13D89CC1E76D221009B719C /* Extensions */ = {
			isa = PBXGroup;
			children = (
				B13D89EB1E76F499009B719C /* Array+Vacation.swift */,
			);
			name = Extensions;
			sourceTree = "<group>";
		};
		B13D89D01E76E714009B719C /* Controllers */ = {
			isa = PBXGroup;
			children = (
				B13D89D41E76EC7C009B719C /* MainViewController.swift */,
				B13D89DD1E76EE58009B719C /* DayOffersViewController.swift */,
				B1FB26D71E770C59007D9ED5 /* InterestingOffersViewController.swift */,
				B1FB26DD1E77107B007D9ED5 /* MoreOffersViewController.swift */,
			);
			name = Controllers;
			sourceTree = "<group>";
		};
		B13D89D81E76EDE5009B719C /* Views */ = {
			isa = PBXGroup;
			children = (
				B13D89DF1E76EE70009B719C /* DayOffersViewCell.swift */,
				B1FB26DA1E770D19007D9ED5 /* InterestingOffersViewCell.swift */,
				B1FB26DF1E7710B3007D9ED5 /* MoreOffersViewCell.swift */,
			);
			name = Views;
			sourceTree = "<group>";
		};
		B13D89E11E76EECD009B719C /* Protocols */ = {
			isa = PBXGroup;
			children = (
				B13D89E21E76EFC0009B719C /* OfferDisplaying.swift */,
			);
			name = Protocols;
			sourceTree = "<group>";
		};
		B13D89E41E76F1C0009B719C /* Managers */ = {
			isa = PBXGroup;
			children = (
				B13D89E51E76F1D8009B719C /* ErrorManager.swift */,
			);
			name = Managers;
			sourceTree = "<group>";
		};
		B1ED4AAC1E76CC5900039C6C = {
			isa = PBXGroup;
			children = (
				B1ED4AB71E76CC5900039C6C /* Wundermarktcoo */,
				B1ED4ACC1E76CC5A00039C6C /* WundermarktcooTests */,
				B1ED4AB61E76CC5900039C6C /* Products */,
				76E8EE73B390BE723C6644FD /* Pods */,
				B921B3616C6A59100F133C5D /* Frameworks */,
			);
			sourceTree = "<group>";
		};
		B1ED4AB61E76CC5900039C6C /* Products */ = {
			isa = PBXGroup;
			children = (
				B1ED4AB51E76CC5900039C6C /* Wundermarktcoo.app */,
				B1ED4AC91E76CC5A00039C6C /* WundermarktcooTests.xctest */,
			);
			name = Products;
			sourceTree = "<group>";
		};
		B1ED4AB71E76CC5900039C6C /* Wundermarktcoo */ = {
			isa = PBXGroup;
			children = (
				B13D89C81E76D033009B719C /* Classes */,
				B1ED4AB81E76CC5A00039C6C /* AppDelegate.swift */,
				B1ED4ABA1E76CC5A00039C6C /* ViewController.swift */,
				B1ED4ABC1E76CC5A00039C6C /* Main.storyboard */,
				B1ED4ABF1E76CC5A00039C6C /* Assets.xcassets */,
				B1ED4AC11E76CC5A00039C6C /* LaunchScreen.storyboard */,
				B1ED4AC41E76CC5A00039C6C /* Info.plist */,
			);
			path = Wundermarktcoo;
			sourceTree = "<group>";
		};
		B1ED4ACC1E76CC5A00039C6C /* WundermarktcooTests */ = {
			isa = PBXGroup;
			children = (
				B1ED4ACD1E76CC5A00039C6C /* WundermarktcooTests.swift */,
				B1ED4ACF1E76CC5A00039C6C /* Info.plist */,
			);
			path = WundermarktcooTests;
			sourceTree = "<group>";
		};
		B921B3616C6A59100F133C5D /* Frameworks */ = {
			isa = PBXGroup;
			children = (
				76A7961E5D9F18D0C0883145 /* Pods_Wundermarktcoo.framework */,
				1798B7FA8F4FEA91DAEF796F /* Pods_WundermarktcooTests.framework */,
			);
			name = Frameworks;
			sourceTree = "<group>";
		};
/* End PBXGroup section */

/* Begin PBXNativeTarget section */
		B1ED4AB41E76CC5900039C6C /* Wundermarktcoo */ = {
			isa = PBXNativeTarget;
			buildConfigurationList = B1ED4AD21E76CC5A00039C6C /* Build configuration list for PBXNativeTarget "Wundermarktcoo" */;
			buildPhases = (
				6910B8E94E007044132BC4C8 /* [CP] Check Pods Manifest.lock */,
				B1ED4AB11E76CC5900039C6C /* Sources */,
				B1ED4AB21E76CC5900039C6C /* Frameworks */,
				B1ED4AB31E76CC5900039C6C /* Resources */,
				622B5EE25CA603CB75D5D956 /* [CP] Embed Pods Frameworks */,
				E31C0BFE928807E2C8838037 /* [CP] Copy Pods Resources */,
			);
			buildRules = (
			);
			dependencies = (
			);
			name = Wundermarktcoo;
			productName = Wundermarktcoo;
			productReference = B1ED4AB51E76CC5900039C6C /* Wundermarktcoo.app */;
			productType = "com.apple.product-type.application";
		};
		B1ED4AC81E76CC5A00039C6C /* WundermarktcooTests */ = {
			isa = PBXNativeTarget;
			buildConfigurationList = B1ED4AD51E76CC5A00039C6C /* Build configuration list for PBXNativeTarget "WundermarktcooTests" */;
			buildPhases = (
				78447D4052612747E30ED451 /* [CP] Check Pods Manifest.lock */,
				B1ED4AC51E76CC5A00039C6C /* Sources */,
				B1ED4AC61E76CC5A00039C6C /* Frameworks */,
				B1ED4AC71E76CC5A00039C6C /* Resources */,
				525682C1345207FA3081BAE6 /* [CP] Embed Pods Frameworks */,
				4648F844F125E9EF984B2D96 /* [CP] Copy Pods Resources */,
			);
			buildRules = (
			);
			dependencies = (
				B1ED4ACB1E76CC5A00039C6C /* PBXTargetDependency */,
			);
			name = WundermarktcooTests;
			productName = WundermarktcooTests;
			productReference = B1ED4AC91E76CC5A00039C6C /* WundermarktcooTests.xctest */;
			productType = "com.apple.product-type.bundle.unit-test";
		};
/* End PBXNativeTarget section */

/* Begin PBXProject section */
		B1ED4AAD1E76CC5900039C6C /* Project object */ = {
			isa = PBXProject;
			attributes = {
				LastSwiftUpdateCheck = 0820;
				LastUpgradeCheck = 0820;
				ORGANIZATIONNAME = "Igor Kovryzhkin";
				TargetAttributes = {
					B1ED4AB41E76CC5900039C6C = {
						CreatedOnToolsVersion = 8.2.1;
						DevelopmentTeam = WJ745D7M93;
						ProvisioningStyle = Automatic;
					};
					B1ED4AC81E76CC5A00039C6C = {
						CreatedOnToolsVersion = 8.2.1;
						DevelopmentTeam = WJ745D7M93;
						ProvisioningStyle = Automatic;
						TestTargetID = B1ED4AB41E76CC5900039C6C;
					};
				};
			};
			buildConfigurationList = B1ED4AB01E76CC5900039C6C /* Build configuration list for PBXProject "Wundermarktcoo" */;
			compatibilityVersion = "Xcode 3.2";
			developmentRegion = English;
			hasScannedForEncodings = 0;
			knownRegions = (
				en,
				Base,
			);
			mainGroup = B1ED4AAC1E76CC5900039C6C;
			productRefGroup = B1ED4AB61E76CC5900039C6C /* Products */;
			projectDirPath = "";
			projectRoot = "";
			targets = (
				B1ED4AB41E76CC5900039C6C /* Wundermarktcoo */,
				B1ED4AC81E76CC5A00039C6C /* WundermarktcooTests */,
			);
		};
/* End PBXProject section */

/* Begin PBXResourcesBuildPhase section */
		B1ED4AB31E76CC5900039C6C /* Resources */ = {
			isa = PBXResourcesBuildPhase;
			buildActionMask = 2147483647;
			files = (
				B1ED4AC31E76CC5A00039C6C /* LaunchScreen.storyboard in Resources */,
				B1ED4AC01E76CC5A00039C6C /* Assets.xcassets in Resources */,
				B1ED4ABE1E76CC5A00039C6C /* Main.storyboard in Resources */,
			);
			runOnlyForDeploymentPostprocessing = 0;
		};
		B1ED4AC71E76CC5A00039C6C /* Resources */ = {
			isa = PBXResourcesBuildPhase;
			buildActionMask = 2147483647;
			files = (
			);
			runOnlyForDeploymentPostprocessing = 0;
		};
/* End PBXResourcesBuildPhase section */

/* Begin PBXShellScriptBuildPhase section */
		4648F844F125E9EF984B2D96 /* [CP] Copy Pods Resources */ = {
			isa = PBXShellScriptBuildPhase;
			buildActionMask = 2147483647;
			files = (
			);
			inputPaths = (
			);
			name = "[CP] Copy Pods Resources";
			outputPaths = (
			);
			runOnlyForDeploymentPostprocessing = 0;
			shellPath = /bin/sh;
			shellScript = "\"${SRCROOT}/Pods/Target Support Files/Pods-WundermarktcooTests/Pods-WundermarktcooTests-resources.sh\"\n";
			showEnvVarsInLog = 0;
		};
		525682C1345207FA3081BAE6 /* [CP] Embed Pods Frameworks */ = {
			isa = PBXShellScriptBuildPhase;
			buildActionMask = 2147483647;
			files = (
			);
			inputPaths = (
			);
			name = "[CP] Embed Pods Frameworks";
			outputPaths = (
			);
			runOnlyForDeploymentPostprocessing = 0;
			shellPath = /bin/sh;
			shellScript = "\"${SRCROOT}/Pods/Target Support Files/Pods-WundermarktcooTests/Pods-WundermarktcooTests-frameworks.sh\"\n";
			showEnvVarsInLog = 0;
		};
		622B5EE25CA603CB75D5D956 /* [CP] Embed Pods Frameworks */ = {
			isa = PBXShellScriptBuildPhase;
			buildActionMask = 2147483647;
			files = (
			);
			inputPaths = (
			);
			name = "[CP] Embed Pods Frameworks";
			outputPaths = (
			);
			runOnlyForDeploymentPostprocessing = 0;
			shellPath = /bin/sh;
			shellScript = "\"${SRCROOT}/Pods/Target Support Files/Pods-Wundermarktcoo/Pods-Wundermarktcoo-frameworks.sh\"\n";
			showEnvVarsInLog = 0;
		};
		6910B8E94E007044132BC4C8 /* [CP] Check Pods Manifest.lock */ = {
			isa = PBXShellScriptBuildPhase;
			buildActionMask = 2147483647;
			files = (
			);
			inputPaths = (
			);
			name = "[CP] Check Pods Manifest.lock";
			outputPaths = (
			);
			runOnlyForDeploymentPostprocessing = 0;
			shellPath = /bin/sh;
			shellScript = "diff \"${PODS_ROOT}/../Podfile.lock\" \"${PODS_ROOT}/Manifest.lock\" > /dev/null\nif [ $? != 0 ] ; then\n    # print error to STDERR\n    echo \"error: The sandbox is not in sync with the Podfile.lock. Run 'pod install' or update your CocoaPods installation.\" >&2\n    exit 1\nfi\n";
			showEnvVarsInLog = 0;
		};
		78447D4052612747E30ED451 /* [CP] Check Pods Manifest.lock */ = {
			isa = PBXShellScriptBuildPhase;
			buildActionMask = 2147483647;
			files = (
			);
			inputPaths = (
			);
			name = "[CP] Check Pods Manifest.lock";
			outputPaths = (
			);
			runOnlyForDeploymentPostprocessing = 0;
			shellPath = /bin/sh;
			shellScript = "diff \"${PODS_ROOT}/../Podfile.lock\" \"${PODS_ROOT}/Manifest.lock\" > /dev/null\nif [ $? != 0 ] ; then\n    # print error to STDERR\n    echo \"error: The sandbox is not in sync with the Podfile.lock. Run 'pod install' or update your CocoaPods installation.\" >&2\n    exit 1\nfi\n";
			showEnvVarsInLog = 0;
		};
		E31C0BFE928807E2C8838037 /* [CP] Copy Pods Resources */ = {
			isa = PBXShellScriptBuildPhase;
			buildActionMask = 2147483647;
			files = (
			);
			inputPaths = (
			);
			name = "[CP] Copy Pods Resources";
			outputPaths = (
			);
			runOnlyForDeploymentPostprocessing = 0;
			shellPath = /bin/sh;
			shellScript = "\"${SRCROOT}/Pods/Target Support Files/Pods-Wundermarktcoo/Pods-Wundermarktcoo-resources.sh\"\n";
			showEnvVarsInLog = 0;
		};
/* End PBXShellScriptBuildPhase section */

/* Begin PBXSourcesBuildPhase section */
		B1ED4AB11E76CC5900039C6C /* Sources */ = {
			isa = PBXSourcesBuildPhase;
			buildActionMask = 2147483647;
			files = (
				B1FB26D81E770C59007D9ED5 /* InterestingOffersViewController.swift in Sources */,
				B13D89E01E76EE70009B719C /* DayOffersViewCell.swift in Sources */,
				B1FB26E01E7710B3007D9ED5 /* MoreOffersViewCell.swift in Sources */,
				B1FB26DB1E770D19007D9ED5 /* InterestingOffersViewCell.swift in Sources */,
				B13D89D21E76E736009B719C /* Constants.swift in Sources */,
				B13D89EC1E76F499009B719C /* Array+Vacation.swift in Sources */,
				B13D89CB1E76D078009B719C /* Offer.swift in Sources */,
				B13D89E31E76EFC0009B719C /* OfferDisplaying.swift in Sources */,
				B13D89E61E76F1D8009B719C /* ErrorManager.swift in Sources */,
				B13D89DE1E76EE58009B719C /* DayOffersViewController.swift in Sources */,
				B1ED4ABB1E76CC5A00039C6C /* ViewController.swift in Sources */,
				B1FB26DE1E77107B007D9ED5 /* MoreOffersViewController.swift in Sources */,
				B13D89D51E76EC7C009B719C /* MainViewController.swift in Sources */,
				B1ED4AB91E76CC5A00039C6C /* AppDelegate.swift in Sources */,
			);
			runOnlyForDeploymentPostprocessing = 0;
		};
		B1ED4AC51E76CC5A00039C6C /* Sources */ = {
			isa = PBXSourcesBuildPhase;
			buildActionMask = 2147483647;
			files = (
				B13D89CF1E76D75A009B719C /* Offer.swift in Sources */,
				B1ED4ACE1E76CC5A00039C6C /* WundermarktcooTests.swift in Sources */,
				B13D89D31E76E82F009B719C /* Constants.swift in Sources */,
			);
			runOnlyForDeploymentPostprocessing = 0;
		};
/* End PBXSourcesBuildPhase section */

/* Begin PBXTargetDependency section */
		B1ED4ACB1E76CC5A00039C6C /* PBXTargetDependency */ = {
			isa = PBXTargetDependency;
			target = B1ED4AB41E76CC5900039C6C /* Wundermarktcoo */;
			targetProxy = B1ED4ACA1E76CC5A00039C6C /* PBXContainerItemProxy */;
		};
/* End PBXTargetDependency section */

/* Begin PBXVariantGroup section */
		B1ED4ABC1E76CC5A00039C6C /* Main.storyboard */ = {
			isa = PBXVariantGroup;
			children = (
				B1ED4ABD1E76CC5A00039C6C /* Base */,
			);
			name = Main.storyboard;
			sourceTree = "<group>";
		};
		B1ED4AC11E76CC5A00039C6C /* LaunchScreen.storyboard */ = {
			isa = PBXVariantGroup;
			children = (
				B1ED4AC21E76CC5A00039C6C /* Base */,
			);
			name = LaunchScreen.storyboard;
			sourceTree = "<group>";
		};
/* End PBXVariantGroup section */

/* Begin XCBuildConfiguration section */
		B1ED4AD01E76CC5A00039C6C /* Debug */ = {
			isa = XCBuildConfiguration;
			buildSettings = {
				ALWAYS_SEARCH_USER_PATHS = NO;
				CLANG_ANALYZER_NONNULL = YES;
				CLANG_CXX_LANGUAGE_STANDARD = "gnu++0x";
				CLANG_CXX_LIBRARY = "libc++";
				CLANG_ENABLE_MODULES = YES;
				CLANG_ENABLE_OBJC_ARC = YES;
				CLANG_WARN_BOOL_CONVERSION = YES;
				CLANG_WARN_CONSTANT_CONVERSION = YES;
				CLANG_WARN_DIRECT_OBJC_ISA_USAGE = YES_ERROR;
				CLANG_WARN_DOCUMENTATION_COMMENTS = YES;
				CLANG_WARN_EMPTY_BODY = YES;
				CLANG_WARN_ENUM_CONVERSION = YES;
				CLANG_WARN_INFINITE_RECURSION = YES;
				CLANG_WARN_INT_CONVERSION = YES;
				CLANG_WARN_OBJC_ROOT_CLASS = YES_ERROR;
				CLANG_WARN_SUSPICIOUS_MOVE = YES;
				CLANG_WARN_UNREACHABLE_CODE = YES;
				CLANG_WARN__DUPLICATE_METHOD_MATCH = YES;
				"CODE_SIGN_IDENTITY[sdk=iphoneos*]" = "iPhone Developer";
				COPY_PHASE_STRIP = NO;
				DEBUG_INFORMATION_FORMAT = dwarf;
				ENABLE_STRICT_OBJC_MSGSEND = YES;
				ENABLE_TESTABILITY = YES;
				GCC_C_LANGUAGE_STANDARD = gnu99;
				GCC_DYNAMIC_NO_PIC = NO;
				GCC_NO_COMMON_BLOCKS = YES;
				GCC_OPTIMIZATION_LEVEL = 0;
				GCC_PREPROCESSOR_DEFINITIONS = (
					"DEBUG=1",
					"$(inherited)",
				);
				GCC_WARN_64_TO_32_BIT_CONVERSION = YES;
				GCC_WARN_ABOUT_RETURN_TYPE = YES_ERROR;
				GCC_WARN_UNDECLARED_SELECTOR = YES;
				GCC_WARN_UNINITIALIZED_AUTOS = YES_AGGRESSIVE;
				GCC_WARN_UNUSED_FUNCTION = YES;
				GCC_WARN_UNUSED_VARIABLE = YES;
				IPHONEOS_DEPLOYMENT_TARGET = 10.2;
				MTL_ENABLE_DEBUG_INFO = YES;
				ONLY_ACTIVE_ARCH = YES;
				SDKROOT = iphoneos;
				SWIFT_ACTIVE_COMPILATION_CONDITIONS = DEBUG;
				SWIFT_OPTIMIZATION_LEVEL = "-Onone";
			};
			name = Debug;
		};
		B1ED4AD11E76CC5A00039C6C /* Release */ = {
			isa = XCBuildConfiguration;
			buildSettings = {
				ALWAYS_SEARCH_USER_PATHS = NO;
				CLANG_ANALYZER_NONNULL = YES;
				CLANG_CXX_LANGUAGE_STANDARD = "gnu++0x";
				CLANG_CXX_LIBRARY = "libc++";
				CLANG_ENABLE_MODULES = YES;
				CLANG_ENABLE_OBJC_ARC = YES;
				CLANG_WARN_BOOL_CONVERSION = YES;
				CLANG_WARN_CONSTANT_CONVERSION = YES;
				CLANG_WARN_DIRECT_OBJC_ISA_USAGE = YES_ERROR;
				CLANG_WARN_DOCUMENTATION_COMMENTS = YES;
				CLANG_WARN_EMPTY_BODY = YES;
				CLANG_WARN_ENUM_CONVERSION = YES;
				CLANG_WARN_INFINITE_RECURSION = YES;
				CLANG_WARN_INT_CONVERSION = YES;
				CLANG_WARN_OBJC_ROOT_CLASS = YES_ERROR;
				CLANG_WARN_SUSPICIOUS_MOVE = YES;
				CLANG_WARN_UNREACHABLE_CODE = YES;
				CLANG_WARN__DUPLICATE_METHOD_MATCH = YES;
				"CODE_SIGN_IDENTITY[sdk=iphoneos*]" = "iPhone Developer";
				COPY_PHASE_STRIP = NO;
				DEBUG_INFORMATION_FORMAT = "dwarf-with-dsym";
				ENABLE_NS_ASSERTIONS = NO;
				ENABLE_STRICT_OBJC_MSGSEND = YES;
				GCC_C_LANGUAGE_STANDARD = gnu99;
				GCC_NO_COMMON_BLOCKS = YES;
				GCC_WARN_64_TO_32_BIT_CONVERSION = YES;
				GCC_WARN_ABOUT_RETURN_TYPE = YES_ERROR;
				GCC_WARN_UNDECLARED_SELECTOR = YES;
				GCC_WARN_UNINITIALIZED_AUTOS = YES_AGGRESSIVE;
				GCC_WARN_UNUSED_FUNCTION = YES;
				GCC_WARN_UNUSED_VARIABLE = YES;
				IPHONEOS_DEPLOYMENT_TARGET = 10.2;
				MTL_ENABLE_DEBUG_INFO = NO;
				SDKROOT = iphoneos;
				SWIFT_OPTIMIZATION_LEVEL = "-Owholemodule";
				VALIDATE_PRODUCT = YES;
			};
			name = Release;
		};
		B1ED4AD31E76CC5A00039C6C /* Debug */ = {
			isa = XCBuildConfiguration;
			baseConfigurationReference = 547CE18CCA36BFFA40DDE3BA /* Pods-Wundermarktcoo.debug.xcconfig */;
			buildSettings = {
				ASSETCATALOG_COMPILER_APPICON_NAME = AppIcon;
				DEVELOPMENT_TEAM = WJ745D7M93;
				INFOPLIST_FILE = Wundermarktcoo/Info.plist;
				LD_RUNPATH_SEARCH_PATHS = "$(inherited) @executable_path/Frameworks";
				PRODUCT_BUNDLE_IDENTIFIER = IK.Wundermarktcoo;
				PRODUCT_NAME = "$(TARGET_NAME)";
				SWIFT_VERSION = 3.0;
			};
			name = Debug;
		};
		B1ED4AD41E76CC5A00039C6C /* Release */ = {
			isa = XCBuildConfiguration;
			baseConfigurationReference = 7444CE9216AAF035A048FE43 /* Pods-Wundermarktcoo.release.xcconfig */;
			buildSettings = {
				ASSETCATALOG_COMPILER_APPICON_NAME = AppIcon;
				DEVELOPMENT_TEAM = WJ745D7M93;
				INFOPLIST_FILE = Wundermarktcoo/Info.plist;
				LD_RUNPATH_SEARCH_PATHS = "$(inherited) @executable_path/Frameworks";
				PRODUCT_BUNDLE_IDENTIFIER = IK.Wundermarktcoo;
				PRODUCT_NAME = "$(TARGET_NAME)";
				SWIFT_VERSION = 3.0;
			};
			name = Release;
		};
		B1ED4AD61E76CC5A00039C6C /* Debug */ = {
			isa = XCBuildConfiguration;
			baseConfigurationReference = 9FDE19D1EEAC2E72D652F88C /* Pods-WundermarktcooTests.debug.xcconfig */;
			buildSettings = {
				ALWAYS_EMBED_SWIFT_STANDARD_LIBRARIES = YES;
				BUNDLE_LOADER = "$(TEST_HOST)";
				DEVELOPMENT_TEAM = WJ745D7M93;
				INFOPLIST_FILE = WundermarktcooTests/Info.plist;
				LD_RUNPATH_SEARCH_PATHS = "$(inherited) @executable_path/Frameworks @loader_path/Frameworks";
				PRODUCT_BUNDLE_IDENTIFIER = IK.WundermarktcooTests;
				PRODUCT_NAME = "$(TARGET_NAME)";
				SWIFT_VERSION = 3.0;
				TEST_HOST = "$(BUILT_PRODUCTS_DIR)/Wundermarktcoo.app/Wundermarktcoo";
			};
			name = Debug;
		};
		B1ED4AD71E76CC5A00039C6C /* Release */ = {
			isa = XCBuildConfiguration;
			baseConfigurationReference = 5CD5B924DDD5A5F04142F347 /* Pods-WundermarktcooTests.release.xcconfig */;
			buildSettings = {
				ALWAYS_EMBED_SWIFT_STANDARD_LIBRARIES = YES;
				BUNDLE_LOADER = "$(TEST_HOST)";
				DEVELOPMENT_TEAM = WJ745D7M93;
				INFOPLIST_FILE = WundermarktcooTests/Info.plist;
				LD_RUNPATH_SEARCH_PATHS = "$(inherited) @executable_path/Frameworks @loader_path/Frameworks";
				PRODUCT_BUNDLE_IDENTIFIER = IK.WundermarktcooTests;
				PRODUCT_NAME = "$(TARGET_NAME)";
				SWIFT_VERSION = 3.0;
				TEST_HOST = "$(BUILT_PRODUCTS_DIR)/Wundermarktcoo.app/Wundermarktcoo";
			};
			name = Release;
		};
/* End XCBuildConfiguration section */

/* Begin XCConfigurationList section */
		B1ED4AB01E76CC5900039C6C /* Build configuration list for PBXProject "Wundermarktcoo" */ = {
			isa = XCConfigurationList;
			buildConfigurations = (
				B1ED4AD01E76CC5A00039C6C /* Debug */,
				B1ED4AD11E76CC5A00039C6C /* Release */,
			);
			defaultConfigurationIsVisible = 0;
			defaultConfigurationName = Release;
		};
		B1ED4AD21E76CC5A00039C6C /* Build configuration list for PBXNativeTarget "Wundermarktcoo" */ = {
			isa = XCConfigurationList;
			buildConfigurations = (
				B1ED4AD31E76CC5A00039C6C /* Debug */,
				B1ED4AD41E76CC5A00039C6C /* Release */,
			);
			defaultConfigurationIsVisible = 0;
			defaultConfigurationName = Release;
		};
		B1ED4AD51E76CC5A00039C6C /* Build configuration list for PBXNativeTarget "WundermarktcooTests" */ = {
			isa = XCConfigurationList;
			buildConfigurations = (
				B1ED4AD61E76CC5A00039C6C /* Debug */,
				B1ED4AD71E76CC5A00039C6C /* Release */,
			);
			defaultConfigurationIsVisible = 0;
			defaultConfigurationName = Release;
		};
/* End XCConfigurationList section */
	};
	rootObject = B1ED4AAD1E76CC5900039C6C /* Project object */;
}
